PODS:
  - Artsy+UIColors (3.0.1)
  - Artsy+UIFonts (1.1.0)
  - Artsy-UIButtons (2.0.1):
    - Artsy+UIColors (~> 3.0)
    - Artsy+UIFonts
    - UIView+BooleanAnimations
  - Expecta (1.0.5)
  - Expecta+Snapshots (3.0.0):
    - Expecta (~> 1.0)
    - FBSnapshotTestCase/Core (~> 2.0)
    - Specta (~> 1.0)
  - FBSnapshotTestCase (2.1.2):
    - FBSnapshotTestCase/SwiftSupport (= 2.1.2)
  - FBSnapshotTestCase/Core (2.1.2)
  - FBSnapshotTestCase/SwiftSupport (2.1.2):
    - FBSnapshotTestCase/Core
  - Specta (1.0.5)
  - UIView+BooleanAnimations (1.0.2)

DEPENDENCIES:
  - Artsy+UIFonts
  - Artsy-UIButtons (from `../`)
  - Expecta
  - Expecta+Snapshots
  - FBSnapshotTestCase (~> 2.1.0)
  - Specta

EXTERNAL SOURCES:
  Artsy-UIButtons:
    :path: "../"

SPEC CHECKSUMS:
  Artsy+UIColors: 10a2d71e9ffe1015be43d4e084d13ff4337aab97
  Artsy+UIFonts: c51bb3b5cbf9c1a5fe198b4385d49133c5c71f5a
  Artsy-UIButtons: e5835b8efca591d7a9cf2a2f41f6de2bd9dd2ac4
  Expecta: e1c022fcd33910b6be89c291d2775b3fe27a89fe
  Expecta+Snapshots: c343f410c7a6392f3e22e78f94c44b6c0749a516
  FBSnapshotTestCase: 918c55861356ee83aee7843d759f55a18ff6982b
  Specta: ac94d110b865115fe60ff2c6d7281053c6f8e8a2
  UIView+BooleanAnimations: a760be9a066036e55f298b7b7350a6cb14cfcd97

PODFILE CHECKSUM: 5af12b6e45e6382cb013662e7a888991c852b6a3

COCOAPODS: 1.0.1
