PODS:
  - Artsy+OSSUIFonts (1.0.0)
  - Artsy+UIColors (1.0.0):
    - EDColor (~> 0.4)
  - Artsy-UIButtons (1.3.0):
    - Artsy+UIColors
    - UIView+BooleanAnimations
  - EDColor (0.4.0)
  - Expecta (0.3.1)
  - Expecta+Snapshots (1.2.1):
    - Expecta
    - FBSnapshotTestCase
  - FBSnapshotTestCase (1.2)
  - Specta (0.2.1)
  - UIView+BooleanAnimations (1.0.2)

DEPENDENCIES:
  - Artsy+OSSUIFonts
  - Artsy-UIButtons (from `../`)
  - Expecta
  - Expecta+Snapshots
  - FBSnapshotTestCase
  - Specta

EXTERNAL SOURCES:
  Artsy-UIButtons:
    :path: ../

SPEC CHECKSUMS:
  Artsy+OSSUIFonts: 45b406bdb7b79dc23ec8e7eeab58a868a147c067
  Artsy+UIColors: d1d5e084a0e542d310c507acb5446bae6a322241
  Artsy-UIButtons: 65637ba49e80e2289027f3a305c12aba2cca171b
  EDColor: bcdb8600b7a456f4408ce1d7e7fc001588919254
  Expecta: 03aabd0a89d8dea843baecb19a7fd7466a69a31d
  Expecta+Snapshots: 30c28e3d8104665ee70e32df1cfc030bb37a8a6c
  FBSnapshotTestCase: 4159bdf235fdae25aa7d813f1452a4f05ad4f9cd
  Specta: 9141310f46b1f68b676650ff2854e1ed0b74163a
  UIView+BooleanAnimations: 48cc98d5469ced7f7654310bff47c8ddba72c8f4

COCOAPODS: 0.35.0
