PODS:
  - "Artsy+UIColors (3.0.1)"
  - "Artsy+UIFonts (3.2.0)"
  - Artsy-UIButtons (2.2.3):
    - "Artsy+UIColors (~> 3.0)"
    - "Artsy+UIFonts"
    - "UIView+BooleanAnimations"
  - Expecta (1.0.5)
  - "Expecta+Snapshots (3.0.0)":
    - Expecta (~> 1.0)
    - FBSnapshotTestCase/Core (~> 2.0)
    - Specta (~> 1.0)
  - FBSnapshotTestCase/Core (2.1.3)
  - Specta (1.0.5)
  - "UIView+BooleanAnimations (1.0.2)"

DEPENDENCIES:
  - "Artsy+UIFonts"
  - Artsy-UIButtons (from `../`)
  - Expecta
  - "Expecta+Snapshots"
  - FBSnapshotTestCase/Core (~> 2.1.0)
  - Specta

SPEC REPOS:
  https://github.com/artsy/Specs.git:
    - "Artsy+UIColors"
    - "Artsy+UIFonts"
  https://github.com/cocoapods/specs.git:
    - Expecta
    - "Expecta+Snapshots"
    - FBSnapshotTestCase
    - Specta
    - "UIView+BooleanAnimations"

EXTERNAL SOURCES:
  Artsy-UIButtons:
    :path: "../"

SPEC CHECKSUMS:
  "Artsy+UIColors": 10a2d71e9ffe1015be43d4e084d13ff4337aab97
  "Artsy+UIFonts": d29579aa105e3709032651fb3145d24f8339e905
  Artsy-UIButtons: e9a78a0e5e613f4936ce8eccea887eb98ad20ed8
  Expecta: e1c022fcd33910b6be89c291d2775b3fe27a89fe
  "Expecta+Snapshots": c343f410c7a6392f3e22e78f94c44b6c0749a516
  FBSnapshotTestCase: 4607968e0dfa1e2772ec0d0098354f8b870c5753
  Specta: ac94d110b865115fe60ff2c6d7281053c6f8e8a2
  "UIView+BooleanAnimations": a760be9a066036e55f298b7b7350a6cb14cfcd97

PODFILE CHECKSUM: c427bd1f830e4abc55730873dbf02b8565040b2b

COCOAPODS: 1.5.3
